{
  "pins" : [
    {
      "identity" : "alamofire",
      "kind" : "remoteSourceControl",
      "location" : "https://github.com/Alamofire/Alamofire",
      "state" : {
        "revision" : "747c8db8d57b68d5e35275f10c92d55f982adbd4",
        "version" : "4.9.1"
      }
    },
    {
      "identity" : "capsule",
      "kind" : "remoteSourceControl",
      "location" : "https://github.com/rbaumbach/Capsule",
      "state" : {
        "revision" : "2aa64d7dba3727334604e25f780ca4b20a2d4f8c",
        "version" : "1.4.0"
      }
    },
    {
      "identity" : "swizzlean",
      "kind" : "remoteSourceControl",
      "location" : "https://github.com/rbaumbach/Swizzlean",
      "state" : {
        "revision" : "1b230dafe39ddf8fc24294307e69d2b92cc39cf0",
        "version" : "1.1.0"
      }
    },
    {
      "identity" : "utensils",
      "kind" : "remoteSourceControl",
      "location" : "https://github.com/rbaumbach/Utensils",
      "state" : {
        "revision" : "2a54743ad99b8f1acaa3dca824670b3bf0065424",
        "version" : "0.3.2"
      }
    },
    {
      "identity" : "utensils-extensions",
      "kind" : "remoteSourceControl",
      "location" : "https://github.com/rbaumbach/Utensils-Extensions",
      "state" : {
        "revision" : "18cf79d08aa37fbe0ccad564bc70b8071a6862aa",
        "version" : "0.0.3"
      }
    }
  ],
  "version" : 2
}
