{
  "pins" : [
    {
      "identity" : "alamofire",
      "kind" : "remoteSourceControl",
      "location" : "https://github.com/Alamofire/Alamofire",
      "state" : {
        "revision" : "747c8db8d57b68d5e35275f10c92d55f982adbd4",
        "version" : "4.9.1"
      }
    },
    {
      "identity" : "capsule",
      "kind" : "remoteSourceControl",
      "location" : "https://github.com/rbaumbach/Capsule",
      "state" : {
        "revision" : "5065f4e8540eb8df639b32084c9dc74c1b62b4b4",
        "version" : "1.2.1"
      }
    },
    {
      "identity" : "swizzlean",
      "kind" : "remoteSourceControl",
      "location" : "https://github.com/rbaumbach/Swizzlean",
      "state" : {
        "revision" : "1b230dafe39ddf8fc24294307e69d2b92cc39cf0",
        "version" : "1.1.0"
      }
    },
    {
      "identity" : "utensils",
      "kind" : "remoteSourceControl",
      "location" : "https://github.com/rbaumbach/Utensils",
      "state" : {
        "revision" : "2a88c595f5dfab5b443d9c3e65105dd686b0d6cb",
        "version" : "0.1.0"
      }
    }
  ],
  "version" : 2
}
