// !$*UTF8*$!
{
	archiveVersion = 1;
	classes = {
	};
	objectVersion = 52;
	objects = {

/* Begin PBXBuildFile section */
		940F9CC223995CB90028937B /* AppDelegate.swift in Sources */ = {isa = PBXBuildFile; fileRef = 940F9CC123995CB90028937B /* AppDelegate.swift */; };
		940F9CC423995CB90028937B /* SceneDelegate.swift in Sources */ = {isa = PBXBuildFile; fileRef = 940F9CC323995CB90028937B /* SceneDelegate.swift */; };
		940F9CC623995CB90028937B /* ViewController.swift in Sources */ = {isa = PBXBuildFile; fileRef = 940F9CC523995CB90028937B /* ViewController.swift */; };
		940F9CC923995CB90028937B /* Main.storyboard in Resources */ = {isa = PBXBuildFile; fileRef = 940F9CC723995CB90028937B /* Main.storyboard */; };
		940F9CCB23995CB90028937B /* Assets.xcassets in Resources */ = {isa = PBXBuildFile; fileRef = 940F9CCA23995CB90028937B /* Assets.xcassets */; };
		940F9CCE23995CB90028937B /* LaunchScreen.storyboard in Resources */ = {isa = PBXBuildFile; fileRef = 940F9CCC23995CB90028937B /* LaunchScreen.storyboard */; };
		940F9DAC2399B3EB0028937B /* Capsule in Frameworks */ = {isa = PBXBuildFile; productRef = 940F9DAB2399B3EB0028937B /* Capsule */; };
		940F9DAF2399B42D0028937B /* Alamofire in Frameworks */ = {isa = PBXBuildFile; productRef = 940F9DAE2399B42D0028937B /* Alamofire */; };
/* End PBXBuildFile section */

/* Begin PBXFileReference section */
		940F9CBE23995CB90028937B /* SwiftPackageManager.app */ = {isa = PBXFileReference; explicitFileType = wrapper.application; includeInIndex = 0; path = SwiftPackageManager.app; sourceTree = BUILT_PRODUCTS_DIR; };
		940F9CC123995CB90028937B /* AppDelegate.swift */ = {isa = PBXFileReference; lastKnownFileType = sourcecode.swift; path = AppDelegate.swift; sourceTree = "<group>"; };
		940F9CC323995CB90028937B /* SceneDelegate.swift */ = {isa = PBXFileReference; lastKnownFileType = sourcecode.swift; path = SceneDelegate.swift; sourceTree = "<group>"; };
		940F9CC523995CB90028937B /* ViewController.swift */ = {isa = PBXFileReference; lastKnownFileType = sourcecode.swift; path = ViewController.swift; sourceTree = "<group>"; };
		940F9CC823995CB90028937B /* Base */ = {isa = PBXFileReference; lastKnownFileType = file.storyboard; name = Base; path = Base.lproj/Main.storyboard; sourceTree = "<group>"; };
		940F9CCA23995CB90028937B /* Assets.xcassets */ = {isa = PBXFileReference; lastKnownFileType = folder.assetcatalog; path = Assets.xcassets; sourceTree = "<group>"; };
		940F9CCD23995CB90028937B /* Base */ = {isa = PBXFileReference; lastKnownFileType = file.storyboard; name = Base; path = Base.lproj/LaunchScreen.storyboard; sourceTree = "<group>"; };
		940F9CCF23995CB90028937B /* Info.plist */ = {isa = PBXFileReference; lastKnownFileType = text.plist.xml; path = Info.plist; sourceTree = "<group>"; };
/* End PBXFileReference section */

/* Begin PBXFrameworksBuildPhase section */
		940F9CBB23995CB90028937B /* Frameworks */ = {
			isa = PBXFrameworksBuildPhase;
			buildActionMask = 2147483647;
			files = (
				940F9DAC2399B3EB0028937B /* Capsule in Frameworks */,
				940F9DAF2399B42D0028937B /* Alamofire in Frameworks */,
			);
			runOnlyForDeploymentPostprocessing = 0;
		};
/* End PBXFrameworksBuildPhase section */

/* Begin PBXGroup section */
		940F9CB523995CB90028937B = {
			isa = PBXGroup;
			children = (
				940F9CC023995CB90028937B /* SwiftPackageManager */,
				940F9CBF23995CB90028937B /* Products */,
			);
			sourceTree = "<group>";
		};
		940F9CBF23995CB90028937B /* Products */ = {
			isa = PBXGroup;
			children = (
				940F9CBE23995CB90028937B /* SwiftPackageManager.app */,
			);
			name = Products;
			sourceTree = "<group>";
		};
		940F9CC023995CB90028937B /* SwiftPackageManager */ = {
			isa = PBXGroup;
			children = (
				940F9CC123995CB90028937B /* AppDelegate.swift */,
				940F9CC323995CB90028937B /* SceneDelegate.swift */,
				940F9CC523995CB90028937B /* ViewController.swift */,
				940F9CC723995CB90028937B /* Main.storyboard */,
				940F9CCA23995CB90028937B /* Assets.xcassets */,
				940F9CCC23995CB90028937B /* LaunchScreen.storyboard */,
				940F9CCF23995CB90028937B /* Info.plist */,
			);
			path = SwiftPackageManager;
			sourceTree = "<group>";
		};
/* End PBXGroup section */

/* Begin PBXNativeTarget section */
		940F9CBD23995CB90028937B /* SwiftPackageManager */ = {
			isa = PBXNativeTarget;
			buildConfigurationList = 940F9CD223995CB90028937B /* Build configuration list for PBXNativeTarget "SwiftPackageManager" */;
			buildPhases = (
				940F9CBA23995CB90028937B /* Sources */,
				940F9CBB23995CB90028937B /* Frameworks */,
				940F9CBC23995CB90028937B /* Resources */,
			);
			buildRules = (
			);
			dependencies = (
			);
			name = SwiftPackageManager;
			packageProductDependencies = (
				940F9DAB2399B3EB0028937B /* Capsule */,
				940F9DAE2399B42D0028937B /* Alamofire */,
			);
			productName = SwiftPackageManager;
			productReference = 940F9CBE23995CB90028937B /* SwiftPackageManager.app */;
			productType = "com.apple.product-type.application";
		};
/* End PBXNativeTarget section */

/* Begin PBXProject section */
		940F9CB623995CB90028937B /* Project object */ = {
			isa = PBXProject;
			attributes = {
				LastSwiftUpdateCheck = 1120;
				LastUpgradeCheck = 1120;
				TargetAttributes = {
					940F9CBD23995CB90028937B = {
						CreatedOnToolsVersion = 11.2.1;
					};
				};
			};
			buildConfigurationList = 940F9CB923995CB90028937B /* Build configuration list for PBXProject "SwiftPackageManager" */;
			compatibilityVersion = "Xcode 9.3";
			developmentRegion = en;
			hasScannedForEncodings = 0;
			knownRegions = (
				en,
				Base,
			);
			mainGroup = 940F9CB523995CB90028937B;
			packageReferences = (
				940F9DAA2399B3EB0028937B /* XCRemoteSwiftPackageReference "Capsule" */,
				940F9DAD2399B42D0028937B /* XCRemoteSwiftPackageReference "Alamofire" */,
			);
			productRefGroup = 940F9CBF23995CB90028937B /* Products */;
			projectDirPath = "";
			projectRoot = "";
			targets = (
				940F9CBD23995CB90028937B /* SwiftPackageManager */,
			);
		};
/* End PBXProject section */

/* Begin PBXResourcesBuildPhase section */
		940F9CBC23995CB90028937B /* Resources */ = {
			isa = PBXResourcesBuildPhase;
			buildActionMask = 2147483647;
			files = (
				940F9CCE23995CB90028937B /* LaunchScreen.storyboard in Resources */,
				940F9CCB23995CB90028937B /* Assets.xcassets in Resources */,
				940F9CC923995CB90028937B /* Main.storyboard in Resources */,
			);
			runOnlyForDeploymentPostprocessing = 0;
		};
/* End PBXResourcesBuildPhase section */

/* Begin PBXSourcesBuildPhase section */
		940F9CBA23995CB90028937B /* Sources */ = {
			isa = PBXSourcesBuildPhase;
			buildActionMask = 2147483647;
			files = (
				940F9CC623995CB90028937B /* ViewController.swift in Sources */,
				940F9CC223995CB90028937B /* AppDelegate.swift in Sources */,
				940F9CC423995CB90028937B /* SceneDelegate.swift in Sources */,
			);
			runOnlyForDeploymentPostprocessing = 0;
		};
/* End PBXSourcesBuildPhase section */

/* Begin PBXVariantGroup section */
		940F9CC723995CB90028937B /* Main.storyboard */ = {
			isa = PBXVariantGroup;
			children = (
				940F9CC823995CB90028937B /* Base */,
			);
			name = Main.storyboard;
			sourceTree = "<group>";
		};
		940F9CCC23995CB90028937B /* LaunchScreen.storyboard */ = {
			isa = PBXVariantGroup;
			children = (
				940F9CCD23995CB90028937B /* Base */,
			);
			name = LaunchScreen.storyboard;
			sourceTree = "<group>";
		};
/* End PBXVariantGroup section */

/* Begin XCBuildConfiguration section */
		940F9CD023995CB90028937B /* Debug */ = {
			isa = XCBuildConfiguration;
			buildSettings = {
				ALWAYS_SEARCH_USER_PATHS = NO;
				CLANG_ANALYZER_NONNULL = YES;
				CLANG_ANALYZER_NUMBER_OBJECT_CONVERSION = YES_AGGRESSIVE;
				CLANG_CXX_LANGUAGE_STANDARD = "gnu++14";
				CLANG_CXX_LIBRARY = "libc++";
				CLANG_ENABLE_MODULES = YES;
				CLANG_ENABLE_OBJC_ARC = YES;
				CLANG_ENABLE_OBJC_WEAK = YES;
				CLANG_WARN_BLOCK_CAPTURE_AUTORELEASING = YES;
				CLANG_WARN_BOOL_CONVERSION = YES;
				CLANG_WARN_COMMA = YES;
				CLANG_WARN_CONSTANT_CONVERSION = YES;
				CLANG_WARN_DEPRECATED_OBJC_IMPLEMENTATIONS = YES;
				CLANG_WARN_DIRECT_OBJC_ISA_USAGE = YES_ERROR;
				CLANG_WARN_DOCUMENTATION_COMMENTS = YES;
				CLANG_WARN_EMPTY_BODY = YES;
				CLANG_WARN_ENUM_CONVERSION = YES;
				CLANG_WARN_INFINITE_RECURSION = YES;
				CLANG_WARN_INT_CONVERSION = YES;
				CLANG_WARN_NON_LITERAL_NULL_CONVERSION = YES;
				CLANG_WARN_OBJC_IMPLICIT_RETAIN_SELF = YES;
				CLANG_WARN_OBJC_LITERAL_CONVERSION = YES;
				CLANG_WARN_OBJC_ROOT_CLASS = YES_ERROR;
				CLANG_WARN_RANGE_LOOP_ANALYSIS = YES;
				CLANG_WARN_STRICT_PROTOTYPES = YES;
				CLANG_WARN_SUSPICIOUS_MOVE = YES;
				CLANG_WARN_UNGUARDED_AVAILABILITY = YES_AGGRESSIVE;
				CLANG_WARN_UNREACHABLE_CODE = YES;
				CLANG_WARN__DUPLICATE_METHOD_MATCH = YES;
				COPY_PHASE_STRIP = NO;
				DEBUG_INFORMATION_FORMAT = dwarf;
				ENABLE_STRICT_OBJC_MSGSEND = YES;
				ENABLE_TESTABILITY = YES;
				GCC_C_LANGUAGE_STANDARD = gnu11;
				GCC_DYNAMIC_NO_PIC = NO;
				GCC_NO_COMMON_BLOCKS = YES;
				GCC_OPTIMIZATION_LEVEL = 0;
				GCC_PREPROCESSOR_DEFINITIONS = (
					"DEBUG=1",
					"$(inherited)",
				);
				GCC_WARN_64_TO_32_BIT_CONVERSION = YES;
				GCC_WARN_ABOUT_RETURN_TYPE = YES_ERROR;
				GCC_WARN_UNDECLARED_SELECTOR = YES;
				GCC_WARN_UNINITIALIZED_AUTOS = YES_AGGRESSIVE;
				GCC_WARN_UNUSED_FUNCTION = YES;
				GCC_WARN_UNUSED_VARIABLE = YES;
				IPHONEOS_DEPLOYMENT_TARGET = 13.2;
				MTL_ENABLE_DEBUG_INFO = INCLUDE_SOURCE;
				MTL_FAST_MATH = YES;
				ONLY_ACTIVE_ARCH = YES;
				SDKROOT = iphoneos;
				SWIFT_ACTIVE_COMPILATION_CONDITIONS = DEBUG;
				SWIFT_OPTIMIZATION_LEVEL = "-Onone";
			};
			name = Debug;
		};
		940F9CD123995CB90028937B /* Release */ = {
			isa = XCBuildConfiguration;
			buildSettings = {
				ALWAYS_SEARCH_USER_PATHS = NO;
				CLANG_ANALYZER_NONNULL = YES;
				CLANG_ANALYZER_NUMBER_OBJECT_CONVERSION = YES_AGGRESSIVE;
				CLANG_CXX_LANGUAGE_STANDARD = "gnu++14";
				CLANG_CXX_LIBRARY = "libc++";
				CLANG_ENABLE_MODULES = YES;
				CLANG_ENABLE_OBJC_ARC = YES;
				CLANG_ENABLE_OBJC_WEAK = YES;
				CLANG_WARN_BLOCK_CAPTURE_AUTORELEASING = YES;
				CLANG_WARN_BOOL_CONVERSION = YES;
				CLANG_WARN_COMMA = YES;
				CLANG_WARN_CONSTANT_CONVERSION = YES;
				CLANG_WARN_DEPRECATED_OBJC_IMPLEMENTATIONS = YES;
				CLANG_WARN_DIRECT_OBJC_ISA_USAGE = YES_ERROR;
				CLANG_WARN_DOCUMENTATION_COMMENTS = YES;
				CLANG_WARN_EMPTY_BODY = YES;
				CLANG_WARN_ENUM_CONVERSION = YES;
				CLANG_WARN_INFINITE_RECURSION = YES;
				CLANG_WARN_INT_CONVERSION = YES;
				CLANG_WARN_NON_LITERAL_NULL_CONVERSION = YES;
				CLANG_WARN_OBJC_IMPLICIT_RETAIN_SELF = YES;
				CLANG_WARN_OBJC_LITERAL_CONVERSION = YES;
				CLANG_WARN_OBJC_ROOT_CLASS = YES_ERROR;
				CLANG_WARN_RANGE_LOOP_ANALYSIS = YES;
				CLANG_WARN_STRICT_PROTOTYPES = YES;
				CLANG_WARN_SUSPICIOUS_MOVE = YES;
				CLANG_WARN_UNGUARDED_AVAILABILITY = YES_AGGRESSIVE;
				CLANG_WARN_UNREACHABLE_CODE = YES;
				CLANG_WARN__DUPLICATE_METHOD_MATCH = YES;
				COPY_PHASE_STRIP = NO;
				DEBUG_INFORMATION_FORMAT = "dwarf-with-dsym";
				ENABLE_NS_ASSERTIONS = NO;
				ENABLE_STRICT_OBJC_MSGSEND = YES;
				GCC_C_LANGUAGE_STANDARD = gnu11;
				GCC_NO_COMMON_BLOCKS = YES;
				GCC_WARN_64_TO_32_BIT_CONVERSION = YES;
				GCC_WARN_ABOUT_RETURN_TYPE = YES_ERROR;
				GCC_WARN_UNDECLARED_SELECTOR = YES;
				GCC_WARN_UNINITIALIZED_AUTOS = YES_AGGRESSIVE;
				GCC_WARN_UNUSED_FUNCTION = YES;
				GCC_WARN_UNUSED_VARIABLE = YES;
				IPHONEOS_DEPLOYMENT_TARGET = 13.2;
				MTL_ENABLE_DEBUG_INFO = NO;
				MTL_FAST_MATH = YES;
				SDKROOT = iphoneos;
				SWIFT_COMPILATION_MODE = wholemodule;
				SWIFT_OPTIMIZATION_LEVEL = "-O";
				VALIDATE_PRODUCT = YES;
			};
			name = Release;
		};
		940F9CD323995CB90028937B /* Debug */ = {
			isa = XCBuildConfiguration;
			buildSettings = {
				ASSETCATALOG_COMPILER_APPICON_NAME = AppIcon;
				CODE_SIGN_STYLE = Manual;
				DEVELOPMENT_TEAM = "";
				INFOPLIST_FILE = SwiftPackageManager/Info.plist;
				LD_RUNPATH_SEARCH_PATHS = (
					"$(inherited)",
					"@executable_path/Frameworks",
				);
				PRODUCT_BUNDLE_IDENTIFIER = teamthick.SwiftPackageManager;
				PRODUCT_NAME = "$(TARGET_NAME)";
				PROVISIONING_PROFILE_SPECIFIER = "";
				SWIFT_VERSION = 5.0;
				TARGETED_DEVICE_FAMILY = "1,2";
			};
			name = Debug;
		};
		940F9CD423995CB90028937B /* Release */ = {
			isa = XCBuildConfiguration;
			buildSettings = {
				ASSETCATALOG_COMPILER_APPICON_NAME = AppIcon;
				CODE_SIGN_STYLE = Manual;
				DEVELOPMENT_TEAM = "";
				INFOPLIST_FILE = SwiftPackageManager/Info.plist;
				LD_RUNPATH_SEARCH_PATHS = (
					"$(inherited)",
					"@executable_path/Frameworks",
				);
				PRODUCT_BUNDLE_IDENTIFIER = teamthick.SwiftPackageManager;
				PRODUCT_NAME = "$(TARGET_NAME)";
				PROVISIONING_PROFILE_SPECIFIER = "";
				SWIFT_VERSION = 5.0;
				TARGETED_DEVICE_FAMILY = "1,2";
			};
			name = Release;
		};
/* End XCBuildConfiguration section */

/* Begin XCConfigurationList section */
		940F9CB923995CB90028937B /* Build configuration list for PBXProject "SwiftPackageManager" */ = {
			isa = XCConfigurationList;
			buildConfigurations = (
				940F9CD023995CB90028937B /* Debug */,
				940F9CD123995CB90028937B /* Release */,
			);
			defaultConfigurationIsVisible = 0;
			defaultConfigurationName = Release;
		};
		940F9CD223995CB90028937B /* Build configuration list for PBXNativeTarget "SwiftPackageManager" */ = {
			isa = XCConfigurationList;
			buildConfigurations = (
				940F9CD323995CB90028937B /* Debug */,
				940F9CD423995CB90028937B /* Release */,
			);
			defaultConfigurationIsVisible = 0;
			defaultConfigurationName = Release;
		};
/* End XCConfigurationList section */

/* Begin XCRemoteSwiftPackageReference section */
		940F9DAA2399B3EB0028937B /* XCRemoteSwiftPackageReference "Capsule" */ = {
			isa = XCRemoteSwiftPackageReference;
			repositoryURL = "https://github.com/rbaumbach/Capsule";
			requirement = {
				kind = upToNextMajorVersion;
				minimumVersion = 0.1.3;
			};
		};
		940F9DAD2399B42D0028937B /* XCRemoteSwiftPackageReference "Alamofire" */ = {
			isa = XCRemoteSwiftPackageReference;
			repositoryURL = "https://github.com/Alamofire/Alamofire";
			requirement = {
				kind = upToNextMajorVersion;
				minimumVersion = 4.9.1;
			};
		};
/* End XCRemoteSwiftPackageReference section */

/* Begin XCSwiftPackageProductDependency section */
		940F9DAB2399B3EB0028937B /* Capsule */ = {
			isa = XCSwiftPackageProductDependency;
			package = 940F9DAA2399B3EB0028937B /* XCRemoteSwiftPackageReference "Capsule" */;
			productName = Capsule;
		};
		940F9DAE2399B42D0028937B /* Alamofire */ = {
			isa = XCSwiftPackageProductDependency;
			package = 940F9DAD2399B42D0028937B /* XCRemoteSwiftPackageReference "Alamofire" */;
			productName = Alamofire;
		};
/* End XCSwiftPackageProductDependency section */
	};
	rootObject = 940F9CB623995CB90028937B /* Project object */;
}
