PODS:
  - Alamofire (5.6.2)
  - Capsule (0.2.4)
  - Moocher (0.0.1)
  - Quick (2.2.0)
  - Swizzlean (1.1.0)
  - Utensils (0.0.14):
    - Capsule (~> 0.2.0)

DEPENDENCIES:
  - Alamofire
  - Capsule
  - Moocher
  - Quick
  - Swizzlean
  - Utensils

SPEC REPOS:
  https://github.com/CocoaPods/Specs.git:
    - Alamofire
    - Capsule
    - Moocher
    - Quick
    - Swizzlean
    - Utensils

SPEC CHECKSUMS:
  Alamofire: d368e1ff8a298e6dde360e35a3e68e6c610e7204
  Capsule: 7b60e70570623903bc91ea28b9440df72471a1b6
  Moocher: 5e654e027b0caa55d21bc2a52925fd82495d1e62
  Quick: 7fb19e13be07b5dfb3b90d4f9824c855a11af40e
  Swizzlean: 6ffb4b1a0f59b2a1d710eb9e8d81bc56354e1dfa
  Utensils: 95aa34c520500267492f80f7c8f50cbd5e5dad04

PODFILE CHECKSUM: c72ca42f05d9fc2dd9b1efeaad333d88ab2ebef9

COCOAPODS: 1.11.3
