PODS:
  - Alamofire (5.8.1)
  - Capsule (1.4.0)
  - Moocher (0.4.0):
    - Moocher/Core (= 0.4.0)
  - Moocher/Core (0.4.0)
  - Quick (7.3.0)
  - Swizzlean (1.1.0)
  - Utensils (0.3.2):
    - Capsule (~> 1.4.0)
  - "Utensils+Extensions (0.0.2)":
    - Capsule (~> 1.4.0)
    - Utensils (~> 0.3.0)

DEPENDENCIES:
  - Alamofire
  - Capsule
  - Moocher
  - Quick
  - Swizzlean
  - Utensils
  - "Utensils+Extensions (from `~/Documents/Development/Utensils-Extensions`)"

SPEC REPOS:
  https://github.com/CocoaPods/Specs.git:
    - Alamofire
    - Capsule
    - Moocher
    - Quick
    - Swizzlean
    - Utensils

EXTERNAL SOURCES:
  "Utensils+Extensions":
    :path: "~/Documents/Development/Utensils-Extensions"

SPEC CHECKSUMS:
  Alamofire: 3ca42e259043ee0dc5c0cdd76c4bc568b8e42af7
  Capsule: 51717c6fb9beac5c66f9cd824a0d8083ec45b52c
  Moocher: 4c5f38df3caf6d4664e525a7e119584ad6614680
  Quick: d32871931c05547cb4e0bc9009d66a18b50d8558
  Swizzlean: 6ffb4b1a0f59b2a1d710eb9e8d81bc56354e1dfa
  Utensils: 3e11a14de852355681b78cf87b40174255e87dd5
  "Utensils+Extensions": 628a82cbe6eaa44f467f399e6582c35ff52d4b41

PODFILE CHECKSUM: 0140acb45dd7f29714ec72ffc7be547ceebd5df5

COCOAPODS: 1.14.3
